
Microsoft Visual Studio Solution File, Format Version 12.00
# Visual Studio Version 17
VisualStudioVersion = 17.0.32112.339
MinimumVisualStudioVersion = 10.0.40219.1
Project("{FAE04EC0-301F-11D3-BF4B-00C04F79EFBC}") = "Vidly", "Vidly\Vidly.csproj", "{F7D1B2A2-CFD1-452B-9611-206084CBA288}"
EndProject
Global
	GlobalSection(SolutionConfigurationPlatforms) = preSolution
		Debug|Any CPU = Debug|Any CPU
		Release|Any CPU = Release|Any CPU
	EndGlobalSection
	GlobalSection(ProjectConfigurationPlatforms) = postSolution
		{F7D1B2A2-CFD1-452B-9611-206084CBA288}.Debug|Any CPU.ActiveCfg = Debug|Any CPU
		{F7D1B2A2-CFD1-452B-9611-206084CBA288}.Debug|Any CPU.Build.0 = Debug|Any CPU
		{F7D1B2A2-CFD1-452B-9611-206084CBA288}.Release|Any CPU.ActiveCfg = Release|Any CPU
		{F7D1B2A2-CFD1-452B-9611-206084CBA288}.Release|Any CPU.Build.0 = Release|Any CPU
	EndGlobalSection
	GlobalSection(SolutionProperties) = preSolution
		HideSolutionNode = FALSE
	EndGlobalSection
	GlobalSection(ExtensibilityGlobals) = postSolution
		SolutionGuid = {28D35EF7-9B87-4499-82D2-657DD4240757}
	EndGlobalSection
EndGlobal
